// !$*UTF8*$!
{
	archiveVersion = 1;
	classes = {
	};
	objectVersion = 46;
	objects = {

/* Begin PBXBuildFile section */
		409C46DA1956954B00206A4E /* NotificationsViewController.m in Sources */ = {isa = PBXBuildFile; fileRef = 409C46D81956954B00206A4E /* NotificationsViewController.m */; };
		409C46DB1956954B00206A4E /* NotificationsViewController.xib in Resources */ = {isa = PBXBuildFile; fileRef = 409C46D91956954B00206A4E /* NotificationsViewController.xib */; };
		409C46DF1956957700206A4E /* RequestsViewController.m in Sources */ = {isa = PBXBuildFile; fileRef = 409C46DD1956957700206A4E /* RequestsViewController.m */; };
		409C46E01956957700206A4E /* RequestsViewController.xib in Resources */ = {isa = PBXBuildFile; fileRef = 409C46DE1956957700206A4E /* RequestsViewController.xib */; };
		409C46E4195695B400206A4E /* MessagesViewController.m in Sources */ = {isa = PBXBuildFile; fileRef = 409C46E2195695B400206A4E /* MessagesViewController.m */; };
		409C46E5195695B400206A4E /* MessagesViewController.xib in Resources */ = {isa = PBXBuildFile; fileRef = 409C46E3195695B400206A4E /* MessagesViewController.xib */; };
		40B074D219563CBB007A7FE7 /* main.m in Sources */ = {isa = PBXBuildFile; fileRef = 40B074D119563CBB007A7FE7 /* main.m */; };
		40B074D519563CBB007A7FE7 /* AppDelegate.m in Sources */ = {isa = PBXBuildFile; fileRef = 40B074D419563CBB007A7FE7 /* AppDelegate.m */; };
		40B074D719563CBB007A7FE7 /* Images.xcassets in Resources */ = {isa = PBXBuildFile; fileRef = 40B074D619563CBB007A7FE7 /* Images.xcassets */; };
		40B074E319563CBB007A7FE7 /* fbdemoTests.m in Sources */ = {isa = PBXBuildFile; fileRef = 40B074E219563CBB007A7FE7 /* fbdemoTests.m */; };
		40B074EF19563DC6007A7FE7 /* LoginViewController.m in Sources */ = {isa = PBXBuildFile; fileRef = 40B074ED19563DC6007A7FE7 /* LoginViewController.m */; };
		40B074F019563DC6007A7FE7 /* LoginViewController.xib in Resources */ = {isa = PBXBuildFile; fileRef = 40B074EE19563DC6007A7FE7 /* LoginViewController.xib */; };
		40B074F519563F53007A7FE7 /* FeedViewController.m in Sources */ = {isa = PBXBuildFile; fileRef = 40B074F319563F53007A7FE7 /* FeedViewController.m */; };
		40B074F619563F53007A7FE7 /* FeedViewController.xib in Resources */ = {isa = PBXBuildFile; fileRef = 40B074F419563F53007A7FE7 /* FeedViewController.xib */; };
		40B074FA19563F95007A7FE7 /* MoreViewController.m in Sources */ = {isa = PBXBuildFile; fileRef = 40B074F819563F95007A7FE7 /* MoreViewController.m */; };
		40B074FB19563F95007A7FE7 /* MoreViewController.xib in Resources */ = {isa = PBXBuildFile; fileRef = 40B074F919563F95007A7FE7 /* MoreViewController.xib */; };
/* End PBXBuildFile section */

/* Begin PBXContainerItemProxy section */
		40B074DD19563CBB007A7FE7 /* PBXContainerItemProxy */ = {
			isa = PBXContainerItemProxy;
			containerPortal = 40B074C419563CBB007A7FE7 /* Project object */;
			proxyType = 1;
			remoteGlobalIDString = 40B074CB19563CBB007A7FE7;
			remoteInfo = fbdemo;
		};
/* End PBXContainerItemProxy section */

/* Begin PBXFileReference section */
		409C46D71956954B00206A4E /* NotificationsViewController.h */ = {isa = PBXFileReference; fileEncoding = 4; lastKnownFileType = sourcecode.c.h; name = NotificationsViewController.h; path = ../NotificationsViewController.h; sourceTree = "<group>"; };
		409C46D81956954B00206A4E /* NotificationsViewController.m */ = {isa = PBXFileReference; fileEncoding = 4; lastKnownFileType = sourcecode.c.objc; name = NotificationsViewController.m; path = ../NotificationsViewController.m; sourceTree = "<group>"; };
		409C46D91956954B00206A4E /* NotificationsViewController.xib */ = {isa = PBXFileReference; fileEncoding = 4; lastKnownFileType = file.xib; name = NotificationsViewController.xib; path = ../NotificationsViewController.xib; sourceTree = "<group>"; };
		409C46DC1956957700206A4E /* RequestsViewController.h */ = {isa = PBXFileReference; fileEncoding = 4; lastKnownFileType = sourcecode.c.h; name = RequestsViewController.h; path = ../RequestsViewController.h; sourceTree = "<group>"; };
		409C46DD1956957700206A4E /* RequestsViewController.m */ = {isa = PBXFileReference; fileEncoding = 4; lastKnownFileType = sourcecode.c.objc; name = RequestsViewController.m; path = ../RequestsViewController.m; sourceTree = "<group>"; };
		409C46DE1956957700206A4E /* RequestsViewController.xib */ = {isa = PBXFileReference; fileEncoding = 4; lastKnownFileType = file.xib; name = RequestsViewController.xib; path = ../RequestsViewController.xib; sourceTree = "<group>"; };
		409C46E1195695B400206A4E /* MessagesViewController.h */ = {isa = PBXFileReference; fileEncoding = 4; lastKnownFileType = sourcecode.c.h; name = MessagesViewController.h; path = ../MessagesViewController.h; sourceTree = "<group>"; };
		409C46E2195695B400206A4E /* MessagesViewController.m */ = {isa = PBXFileReference; fileEncoding = 4; lastKnownFileType = sourcecode.c.objc; name = MessagesViewController.m; path = ../MessagesViewController.m; sourceTree = "<group>"; };
		409C46E3195695B400206A4E /* MessagesViewController.xib */ = {isa = PBXFileReference; fileEncoding = 4; lastKnownFileType = file.xib; name = MessagesViewController.xib; path = ../MessagesViewController.xib; sourceTree = "<group>"; };
		40B074CC19563CBB007A7FE7 /* fbdemo.app */ = {isa = PBXFileReference; explicitFileType = wrapper.application; includeInIndex = 0; path = fbdemo.app; sourceTree = BUILT_PRODUCTS_DIR; };
		40B074D019563CBB007A7FE7 /* Info.plist */ = {isa = PBXFileReference; lastKnownFileType = text.plist.xml; path = Info.plist; sourceTree = "<group>"; };
		40B074D119563CBB007A7FE7 /* main.m */ = {isa = PBXFileReference; lastKnownFileType = sourcecode.c.objc; path = main.m; sourceTree = "<group>"; };
		40B074D319563CBB007A7FE7 /* AppDelegate.h */ = {isa = PBXFileReference; lastKnownFileType = sourcecode.c.h; path = AppDelegate.h; sourceTree = "<group>"; };
		40B074D419563CBB007A7FE7 /* AppDelegate.m */ = {isa = PBXFileReference; lastKnownFileType = sourcecode.c.objc; path = AppDelegate.m; sourceTree = "<group>"; };
		40B074D619563CBB007A7FE7 /* Images.xcassets */ = {isa = PBXFileReference; lastKnownFileType = folder.assetcatalog; path = Images.xcassets; sourceTree = "<group>"; };
		40B074DC19563CBB007A7FE7 /* fbdemoTests.xctest */ = {isa = PBXFileReference; explicitFileType = wrapper.cfbundle; includeInIndex = 0; path = fbdemoTests.xctest; sourceTree = BUILT_PRODUCTS_DIR; };
		40B074E119563CBB007A7FE7 /* Info.plist */ = {isa = PBXFileReference; lastKnownFileType = text.plist.xml; path = Info.plist; sourceTree = "<group>"; };
		40B074E219563CBB007A7FE7 /* fbdemoTests.m */ = {isa = PBXFileReference; lastKnownFileType = sourcecode.c.objc; path = fbdemoTests.m; sourceTree = "<group>"; };
		40B074EC19563DC6007A7FE7 /* LoginViewController.h */ = {isa = PBXFileReference; fileEncoding = 4; lastKnownFileType = sourcecode.c.h; path = LoginViewController.h; sourceTree = "<group>"; };
		40B074ED19563DC6007A7FE7 /* LoginViewController.m */ = {isa = PBXFileReference; fileEncoding = 4; lastKnownFileType = sourcecode.c.objc; path = LoginViewController.m; sourceTree = "<group>"; };
		40B074EE19563DC6007A7FE7 /* LoginViewController.xib */ = {isa = PBXFileReference; fileEncoding = 4; lastKnownFileType = file.xib; path = LoginViewController.xib; sourceTree = "<group>"; };
		40B074F219563F53007A7FE7 /* FeedViewController.h */ = {isa = PBXFileReference; fileEncoding = 4; lastKnownFileType = sourcecode.c.h; name = FeedViewController.h; path = ../FeedViewController.h; sourceTree = "<group>"; };
		40B074F319563F53007A7FE7 /* FeedViewController.m */ = {isa = PBXFileReference; fileEncoding = 4; lastKnownFileType = sourcecode.c.objc; name = FeedViewController.m; path = ../FeedViewController.m; sourceTree = "<group>"; };
		40B074F419563F53007A7FE7 /* FeedViewController.xib */ = {isa = PBXFileReference; fileEncoding = 4; lastKnownFileType = file.xib; name = FeedViewController.xib; path = ../FeedViewController.xib; sourceTree = "<group>"; };
		40B074F719563F95007A7FE7 /* MoreViewController.h */ = {isa = PBXFileReference; fileEncoding = 4; lastKnownFileType = sourcecode.c.h; name = MoreViewController.h; path = ../MoreViewController.h; sourceTree = "<group>"; };
		40B074F819563F95007A7FE7 /* MoreViewController.m */ = {isa = PBXFileReference; fileEncoding = 4; lastKnownFileType = sourcecode.c.objc; name = MoreViewController.m; path = ../MoreViewController.m; sourceTree = "<group>"; };
		40B074F919563F95007A7FE7 /* MoreViewController.xib */ = {isa = PBXFileReference; fileEncoding = 4; lastKnownFileType = file.xib; name = MoreViewController.xib; path = ../MoreViewController.xib; sourceTree = "<group>"; };
/* End PBXFileReference section */

/* Begin PBXFrameworksBuildPhase section */
		40B074C919563CBB007A7FE7 /* Frameworks */ = {
			isa = PBXFrameworksBuildPhase;
			buildActionMask = 2147483647;
			files = (
			);
			runOnlyForDeploymentPostprocessing = 0;
		};
		40B074D919563CBB007A7FE7 /* Frameworks */ = {
			isa = PBXFrameworksBuildPhase;
			buildActionMask = 2147483647;
			files = (
			);
			runOnlyForDeploymentPostprocessing = 0;
		};
/* End PBXFrameworksBuildPhase section */

/* Begin PBXGroup section */
		40B074C319563CBB007A7FE7 = {
			isa = PBXGroup;
			children = (
				40B074CE19563CBB007A7FE7 /* fbdemo */,
				40B074DF19563CBB007A7FE7 /* fbdemoTests */,
				40B074CD19563CBB007A7FE7 /* Products */,
			);
			sourceTree = "<group>";
		};
		40B074CD19563CBB007A7FE7 /* Products */ = {
			isa = PBXGroup;
			children = (
				40B074CC19563CBB007A7FE7 /* fbdemo.app */,
				40B074DC19563CBB007A7FE7 /* fbdemoTests.xctest */,
			);
			name = Products;
			sourceTree = "<group>";
		};
		40B074CE19563CBB007A7FE7 /* fbdemo */ = {
			isa = PBXGroup;
			children = (
				40B074D319563CBB007A7FE7 /* AppDelegate.h */,
				40B074D419563CBB007A7FE7 /* AppDelegate.m */,
				40B074D619563CBB007A7FE7 /* Images.xcassets */,
				40B074F119563F35007A7FE7 /* Views */,
				40B074CF19563CBB007A7FE7 /* Supporting Files */,
			);
			path = fbdemo;
			sourceTree = "<group>";
		};
		40B074CF19563CBB007A7FE7 /* Supporting Files */ = {
			isa = PBXGroup;
			children = (
				40B074D019563CBB007A7FE7 /* Info.plist */,
				40B074D119563CBB007A7FE7 /* main.m */,
			);
			name = "Supporting Files";
			sourceTree = "<group>";
		};
		40B074DF19563CBB007A7FE7 /* fbdemoTests */ = {
			isa = PBXGroup;
			children = (
				40B074E219563CBB007A7FE7 /* fbdemoTests.m */,
				40B074E019563CBB007A7FE7 /* Supporting Files */,
			);
			path = fbdemoTests;
			sourceTree = "<group>";
		};
		40B074E019563CBB007A7FE7 /* Supporting Files */ = {
			isa = PBXGroup;
			children = (
				40B074E119563CBB007A7FE7 /* Info.plist */,
			);
			name = "Supporting Files";
			sourceTree = "<group>";
		};
		40B074F119563F35007A7FE7 /* Views */ = {
			isa = PBXGroup;
			children = (
				40B074EC19563DC6007A7FE7 /* LoginViewController.h */,
				40B074ED19563DC6007A7FE7 /* LoginViewController.m */,
				40B074EE19563DC6007A7FE7 /* LoginViewController.xib */,
				40B074F219563F53007A7FE7 /* FeedViewController.h */,
				40B074F319563F53007A7FE7 /* FeedViewController.m */,
				40B074F419563F53007A7FE7 /* FeedViewController.xib */,
				409C46DC1956957700206A4E /* RequestsViewController.h */,
				409C46DD1956957700206A4E /* RequestsViewController.m */,
				409C46DE1956957700206A4E /* RequestsViewController.xib */,
				409C46E1195695B400206A4E /* MessagesViewController.h */,
				409C46E2195695B400206A4E /* MessagesViewController.m */,
				409C46E3195695B400206A4E /* MessagesViewController.xib */,
				409C46D71956954B00206A4E /* NotificationsViewController.h */,
				409C46D81956954B00206A4E /* NotificationsViewController.m */,
				409C46D91956954B00206A4E /* NotificationsViewController.xib */,
				40B074F719563F95007A7FE7 /* MoreViewController.h */,
				40B074F819563F95007A7FE7 /* MoreViewController.m */,
				40B074F919563F95007A7FE7 /* MoreViewController.xib */,
			);
			name = Views;
			sourceTree = "<group>";
		};
/* End PBXGroup section */

/* Begin PBXNativeTarget section */
		40B074CB19563CBB007A7FE7 /* fbdemo */ = {
			isa = PBXNativeTarget;
			buildConfigurationList = 40B074E619563CBB007A7FE7 /* Build configuration list for PBXNativeTarget "fbdemo" */;
			buildPhases = (
				40B074C819563CBB007A7FE7 /* Sources */,
				40B074C919563CBB007A7FE7 /* Frameworks */,
				40B074CA19563CBB007A7FE7 /* Resources */,
			);
			buildRules = (
			);
			dependencies = (
			);
			name = fbdemo;
			productName = fbdemo;
			productReference = 40B074CC19563CBB007A7FE7 /* fbdemo.app */;
			productType = "com.apple.product-type.application";
		};
		40B074DB19563CBB007A7FE7 /* fbdemoTests */ = {
			isa = PBXNativeTarget;
			buildConfigurationList = 40B074E919563CBB007A7FE7 /* Build configuration list for PBXNativeTarget "fbdemoTests" */;
			buildPhases = (
				40B074D819563CBB007A7FE7 /* Sources */,
				40B074D919563CBB007A7FE7 /* Frameworks */,
				40B074DA19563CBB007A7FE7 /* Resources */,
			);
			buildRules = (
			);
			dependencies = (
				40B074DE19563CBB007A7FE7 /* PBXTargetDependency */,
			);
			name = fbdemoTests;
			productName = fbdemoTests;
			productReference = 40B074DC19563CBB007A7FE7 /* fbdemoTests.xctest */;
			productType = "com.apple.product-type.bundle.unit-test";
		};
/* End PBXNativeTarget section */

/* Begin PBXProject section */
		40B074C419563CBB007A7FE7 /* Project object */ = {
			isa = PBXProject;
			attributes = {
				LastUpgradeCheck = 0600;
				ORGANIZATIONNAME = "Gabriel Valdivia";
				TargetAttributes = {
					40B074CB19563CBB007A7FE7 = {
						CreatedOnToolsVersion = 6.0;
						DevelopmentTeam = V9WTTPBFK9;
					};
					40B074DB19563CBB007A7FE7 = {
						CreatedOnToolsVersion = 6.0;
						TestTargetID = 40B074CB19563CBB007A7FE7;
					};
				};
			};
			buildConfigurationList = 40B074C719563CBB007A7FE7 /* Build configuration list for PBXProject "fbdemo" */;
			compatibilityVersion = "Xcode 3.2";
			developmentRegion = English;
			hasScannedForEncodings = 0;
			knownRegions = (
				en,
			);
			mainGroup = 40B074C319563CBB007A7FE7;
			productRefGroup = 40B074CD19563CBB007A7FE7 /* Products */;
			projectDirPath = "";
			projectRoot = "";
			targets = (
				40B074CB19563CBB007A7FE7 /* fbdemo */,
				40B074DB19563CBB007A7FE7 /* fbdemoTests */,
			);
		};
/* End PBXProject section */

/* Begin PBXResourcesBuildPhase section */
		40B074CA19563CBB007A7FE7 /* Resources */ = {
			isa = PBXResourcesBuildPhase;
			buildActionMask = 2147483647;
			files = (
				409C46E01956957700206A4E /* RequestsViewController.xib in Resources */,
				40B074F019563DC6007A7FE7 /* LoginViewController.xib in Resources */,
				409C46DB1956954B00206A4E /* NotificationsViewController.xib in Resources */,
				409C46E5195695B400206A4E /* MessagesViewController.xib in Resources */,
				40B074FB19563F95007A7FE7 /* MoreViewController.xib in Resources */,
				40B074F619563F53007A7FE7 /* FeedViewController.xib in Resources */,
				40B074D719563CBB007A7FE7 /* Images.xcassets in Resources */,
			);
			runOnlyForDeploymentPostprocessing = 0;
		};
		40B074DA19563CBB007A7FE7 /* Resources */ = {
			isa = PBXResourcesBuildPhase;
			buildActionMask = 2147483647;
			files = (
			);
			runOnlyForDeploymentPostprocessing = 0;
		};
/* End PBXResourcesBuildPhase section */

/* Begin PBXSourcesBuildPhase section */
		40B074C819563CBB007A7FE7 /* Sources */ = {
			isa = PBXSourcesBuildPhase;
			buildActionMask = 2147483647;
			files = (
				40B074D519563CBB007A7FE7 /* AppDelegate.m in Sources */,
				40B074D219563CBB007A7FE7 /* main.m in Sources */,
				409C46E4195695B400206A4E /* MessagesViewController.m in Sources */,
				40B074F519563F53007A7FE7 /* FeedViewController.m in Sources */,
				40B074EF19563DC6007A7FE7 /* LoginViewController.m in Sources */,
				409C46DF1956957700206A4E /* RequestsViewController.m in Sources */,
				40B074FA19563F95007A7FE7 /* MoreViewController.m in Sources */,
				409C46DA1956954B00206A4E /* NotificationsViewController.m in Sources */,
			);
			runOnlyForDeploymentPostprocessing = 0;
		};
		40B074D819563CBB007A7FE7 /* Sources */ = {
			isa = PBXSourcesBuildPhase;
			buildActionMask = 2147483647;
			files = (
				40B074E319563CBB007A7FE7 /* fbdemoTests.m in Sources */,
			);
			runOnlyForDeploymentPostprocessing = 0;
		};
/* End PBXSourcesBuildPhase section */

/* Begin PBXTargetDependency section */
		40B074DE19563CBB007A7FE7 /* PBXTargetDependency */ = {
			isa = PBXTargetDependency;
			target = 40B074CB19563CBB007A7FE7 /* fbdemo */;
			targetProxy = 40B074DD19563CBB007A7FE7 /* PBXContainerItemProxy */;
		};
/* End PBXTargetDependency section */

/* Begin XCBuildConfiguration section */
		40B074E419563CBB007A7FE7 /* Debug */ = {
			isa = XCBuildConfiguration;
			buildSettings = {
				ALWAYS_SEARCH_USER_PATHS = NO;
				CLANG_CXX_LANGUAGE_STANDARD = "gnu++0x";
				CLANG_CXX_LIBRARY = "libc++";
				CLANG_ENABLE_MODULES = YES;
				CLANG_ENABLE_OBJC_ARC = YES;
				CLANG_WARN_BOOL_CONVERSION = YES;
				CLANG_WARN_CONSTANT_CONVERSION = YES;
				CLANG_WARN_DIRECT_OBJC_ISA_USAGE = YES_ERROR;
				CLANG_WARN_EMPTY_BODY = YES;
				CLANG_WARN_ENUM_CONVERSION = YES;
				CLANG_WARN_INT_CONVERSION = YES;
				CLANG_WARN_OBJC_ROOT_CLASS = YES_ERROR;
				CLANG_WARN_UNREACHABLE_CODE = YES;
				CLANG_WARN__DUPLICATE_METHOD_MATCH = YES;
				"CODE_SIGN_IDENTITY[sdk=iphoneos*]" = "iPhone Developer";
				COPY_PHASE_STRIP = NO;
				ENABLE_STRICT_OBJC_MSGSEND = YES;
				GCC_C_LANGUAGE_STANDARD = gnu99;
				GCC_DYNAMIC_NO_PIC = NO;
				GCC_OPTIMIZATION_LEVEL = 0;
				GCC_PREPROCESSOR_DEFINITIONS = (
					"DEBUG=1",
					"$(inherited)",
				);
				GCC_SYMBOLS_PRIVATE_EXTERN = NO;
				GCC_WARN_64_TO_32_BIT_CONVERSION = YES;
				GCC_WARN_ABOUT_RETURN_TYPE = YES_ERROR;
				GCC_WARN_UNDECLARED_SELECTOR = YES;
				GCC_WARN_UNINITIALIZED_AUTOS = YES_AGGRESSIVE;
				GCC_WARN_UNUSED_FUNCTION = YES;
				GCC_WARN_UNUSED_VARIABLE = YES;
				IPHONEOS_DEPLOYMENT_TARGET = 8.0;
				METAL_ENABLE_DEBUG_INFO = YES;
				ONLY_ACTIVE_ARCH = YES;
				SDKROOT = iphoneos;
				TARGETED_DEVICE_FAMILY = "1,2";
			};
			name = Debug;
		};
		40B074E519563CBB007A7FE7 /* Release */ = {
			isa = XCBuildConfiguration;
			buildSettings = {
				ALWAYS_SEARCH_USER_PATHS = NO;
				CLANG_CXX_LANGUAGE_STANDARD = "gnu++0x";
				CLANG_CXX_LIBRARY = "libc++";
				CLANG_ENABLE_MODULES = YES;
				CLANG_ENABLE_OBJC_ARC = YES;
				CLANG_WARN_BOOL_CONVERSION = YES;
				CLANG_WARN_CONSTANT_CONVERSION = YES;
				CLANG_WARN_DIRECT_OBJC_ISA_USAGE = YES_ERROR;
				CLANG_WARN_EMPTY_BODY = YES;
				CLANG_WARN_ENUM_CONVERSION = YES;
				CLANG_WARN_INT_CONVERSION = YES;
				CLANG_WARN_OBJC_ROOT_CLASS = YES_ERROR;
				CLANG_WARN_UNREACHABLE_CODE = YES;
				CLANG_WARN__DUPLICATE_METHOD_MATCH = YES;
				"CODE_SIGN_IDENTITY[sdk=iphoneos*]" = "iPhone Developer";
				COPY_PHASE_STRIP = YES;
				ENABLE_NS_ASSERTIONS = NO;
				ENABLE_STRICT_OBJC_MSGSEND = YES;
				GCC_C_LANGUAGE_STANDARD = gnu99;
				GCC_WARN_64_TO_32_BIT_CONVERSION = YES;
				GCC_WARN_ABOUT_RETURN_TYPE = YES_ERROR;
				GCC_WARN_UNDECLARED_SELECTOR = YES;
				GCC_WARN_UNINITIALIZED_AUTOS = YES_AGGRESSIVE;
				GCC_WARN_UNUSED_FUNCTION = YES;
				GCC_WARN_UNUSED_VARIABLE = YES;
				IPHONEOS_DEPLOYMENT_TARGET = 8.0;
				METAL_ENABLE_DEBUG_INFO = NO;
				SDKROOT = iphoneos;
				TARGETED_DEVICE_FAMILY = "1,2";
				VALIDATE_PRODUCT = YES;
			};
			name = Release;
		};
		40B074E719563CBB007A7FE7 /* Debug */ = {
			isa = XCBuildConfiguration;
			buildSettings = {
				ASSETCATALOG_COMPILER_APPICON_NAME = AppIcon;
				ASSETCATALOG_COMPILER_LAUNCHIMAGE_NAME = LaunchImage;
				INFOPLIST_FILE = fbdemo/Info.plist;
				LD_RUNPATH_SEARCH_PATHS = "$(inherited) @executable_path/Frameworks";
				PRODUCT_NAME = "$(TARGET_NAME)";
			};
			name = Debug;
		};
		40B074E819563CBB007A7FE7 /* Release */ = {
			isa = XCBuildConfiguration;
			buildSettings = {
				ASSETCATALOG_COMPILER_APPICON_NAME = AppIcon;
				ASSETCATALOG_COMPILER_LAUNCHIMAGE_NAME = LaunchImage;
				INFOPLIST_FILE = fbdemo/Info.plist;
				LD_RUNPATH_SEARCH_PATHS = "$(inherited) @executable_path/Frameworks";
				PRODUCT_NAME = "$(TARGET_NAME)";
			};
			name = Release;
		};
		40B074EA19563CBB007A7FE7 /* Debug */ = {
			isa = XCBuildConfiguration;
			buildSettings = {
				BUNDLE_LOADER = "$(BUILT_PRODUCTS_DIR)/fbdemo.app/fbdemo";
				FRAMEWORK_SEARCH_PATHS = (
					"$(SDKROOT)/Developer/Library/Frameworks",
					"$(inherited)",
				);
				GCC_PREPROCESSOR_DEFINITIONS = (
					"DEBUG=1",
					"$(inherited)",
				);
				INFOPLIST_FILE = fbdemoTests/Info.plist;
				LD_RUNPATH_SEARCH_PATHS = "$(inherited) @executable_path/Frameworks @loader_path/Frameworks";
				METAL_ENABLE_DEBUG_INFO = YES;
				PRODUCT_NAME = "$(TARGET_NAME)";
				TEST_HOST = "$(BUNDLE_LOADER)";
			};
			name = Debug;
		};
		40B074EB19563CBB007A7FE7 /* Release */ = {
			isa = XCBuildConfiguration;
			buildSettings = {
				BUNDLE_LOADER = "$(BUILT_PRODUCTS_DIR)/fbdemo.app/fbdemo";
				FRAMEWORK_SEARCH_PATHS = (
					"$(SDKROOT)/Developer/Library/Frameworks",
					"$(inherited)",
				);
				INFOPLIST_FILE = fbdemoTests/Info.plist;
				LD_RUNPATH_SEARCH_PATHS = "$(inherited) @executable_path/Frameworks @loader_path/Frameworks";
				METAL_ENABLE_DEBUG_INFO = NO;
				PRODUCT_NAME = "$(TARGET_NAME)";
				TEST_HOST = "$(BUNDLE_LOADER)";
			};
			name = Release;
		};
/* End XCBuildConfiguration section */

/* Begin XCConfigurationList section */
		40B074C719563CBB007A7FE7 /* Build configuration list for PBXProject "fbdemo" */ = {
			isa = XCConfigurationList;
			buildConfigurations = (
				40B074E419563CBB007A7FE7 /* Debug */,
				40B074E519563CBB007A7FE7 /* Release */,
			);
			defaultConfigurationIsVisible = 0;
			defaultConfigurationName = Release;
		};
		40B074E619563CBB007A7FE7 /* Build configuration list for PBXNativeTarget "fbdemo" */ = {
			isa = XCConfigurationList;
			buildConfigurations = (
				40B074E719563CBB007A7FE7 /* Debug */,
				40B074E819563CBB007A7FE7 /* Release */,
			);
			defaultConfigurationIsVisible = 0;
			defaultConfigurationName = Release;
		};
		40B074E919563CBB007A7FE7 /* Build configuration list for PBXNativeTarget "fbdemoTests" */ = {
			isa = XCConfigurationList;
			buildConfigurations = (
				40B074EA19563CBB007A7FE7 /* Debug */,
				40B074EB19563CBB007A7FE7 /* Release */,
			);
			defaultConfigurationIsVisible = 0;
			defaultConfigurationName = Release;
		};
/* End XCConfigurationList section */
	};
	rootObject = 40B074C419563CBB007A7FE7 /* Project object */;
}
